# This file is autogenerated, do not edit; changes may be undone by the next 'dep ensure'.


[[projects]]
  digest = "1:ffe9824d294da03b391f44e1ae8281281b4afc1bdaa9588c9097785e3af10cec"
  name = "github.com/davecgh/go-spew"
  packages = ["spew"]
  pruneopts = "UT"
  revision = "8991bc29aa16c548c550c7ff78260e27b9ab7c73"
  version = "v1.1.1"

[[projects]]
  branch = "master"
  digest = "1:51451e8add50c754e91454c8d190d36c50c8db56b4c0b84f326e06e55c799033"
  name = "github.com/mercadolibre/golang-restclient"
  packages = ["rest"]
  pruneopts = "UT"
  revision = "51958130a0a00a604c7412d2eae5cc9d4637cbcc"

[[projects]]
  digest = "1:0028cb19b2e4c3112225cd871870f2d9cf49b9b4276531f03438a88e94be86fe"
  name = "github.com/pmezard/go-difflib"
  packages = ["difflib"]
  pruneopts = "UT"
  revision = "792786c7400a136282c1664665ae0a8db921c6c2"
  version = "v1.0.0"

[[projects]]
  branch = "master"
  digest = "1:0bdb8f8020d17529de1dd06f07de82eee824eee18854b32a79b59b0c10f56973"
  name = "github.com/prosline/pl_util"
  packages = ["utils/rest_errors"]
  pruneopts = "UT"
  revision = "a217b9c02eeca188298cc58af9a14558190d18fb"

[[projects]]
  digest = "1:8548c309c65a85933a625be5e7d52b6ac927ca30c56869fae58123b8a77a75e1"
  name = "github.com/stretchr/testify"
  packages = ["assert"]
  pruneopts = "UT"
  revision = "221dbe5ed46703ee255b1da0dec05086f5035f62"
  version = "v1.4.0"

[[projects]]
  digest = "1:55b110c99c5fdc4f14930747326acce56b52cfce60b24b1c03ef686ac0e46bb1"
  name = "gopkg.in/yaml.v2"
  packages = ["."]
  pruneopts = "UT"
  revision = "53403b58ad1b561927d19068c655246f2db79d48"
  version = "v2.2.8"

[solve-meta]
  analyzer-name = "dep"
  analyzer-version = 1
  input-imports = [
    "github.com/mercadolibre/golang-restclient/rest",
    "github.com/prosline/pl_util/utils/rest_errors",
    "github.com/stretchr/testify/assert",
  ]
  solver-name = "gps-cdcl"
  solver-version = 1
